
Microsoft Visual Studio Solution File, Format Version 11.00
# Visual Studio 2010
Project("{FAE04EC0-301F-11D3-BF4B-00C04F79EFBC}") = "UIT", "Assembly-CSharp.csproj", "{A5E648E0-BD7B-5618-4220-EF79D286D755}"
EndProject
Project("{FAE04EC0-301F-11D3-BF4B-00C04F79EFBC}") = "UIT", "Assembly-CSharp-firstpass.csproj", "{9DE6561E-641C-DC33-4681-7604F6E64DCE}"
EndProject
Project("{FAE04EC0-301F-11D3-BF4B-00C04F79EFBC}") = "UIT", "Assembly-CSharp-Editor-firstpass.csproj", "{9D50EC9A-5C6A-0F66-AFB0-D8494CBC64A9}"
EndProject
Project("{FAE04EC0-301F-11D3-BF4B-00C04F79EFBC}") = "UIT", "Assembly-CSharp-Editor.csproj", "{087687AB-240C-A2A4-ED3F-01D618EB2205}"
EndProject
Global
	GlobalSection(SolutionConfigurationPlatforms) = preSolution
		Debug|Any CPU = Debug|Any CPU
		Release|Any CPU = Release|Any CPU
	EndGlobalSection
	GlobalSection(ProjectConfigurationPlatforms) = postSolution
		{A5E648E0-BD7B-5618-4220-EF79D286D755}.Debug|Any CPU.ActiveCfg = Debug|Any CPU
		{A5E648E0-BD7B-5618-4220-EF79D286D755}.Debug|Any CPU.Build.0 = Debug|Any CPU
		{A5E648E0-BD7B-5618-4220-EF79D286D755}.Release|Any CPU.ActiveCfg = Release|Any CPU
		{A5E648E0-BD7B-5618-4220-EF79D286D755}.Release|Any CPU.Build.0 = Release|Any CPU
		{9DE6561E-641C-DC33-4681-7604F6E64DCE}.Debug|Any CPU.ActiveCfg = Debug|Any CPU
		{9DE6561E-641C-DC33-4681-7604F6E64DCE}.Debug|Any CPU.Build.0 = Debug|Any CPU
		{9DE6561E-641C-DC33-4681-7604F6E64DCE}.Release|Any CPU.ActiveCfg = Release|Any CPU
		{9DE6561E-641C-DC33-4681-7604F6E64DCE}.Release|Any CPU.Build.0 = Release|Any CPU
		{9D50EC9A-5C6A-0F66-AFB0-D8494CBC64A9}.Debug|Any CPU.ActiveCfg = Debug|Any CPU
		{9D50EC9A-5C6A-0F66-AFB0-D8494CBC64A9}.Debug|Any CPU.Build.0 = Debug|Any CPU
		{9D50EC9A-5C6A-0F66-AFB0-D8494CBC64A9}.Release|Any CPU.ActiveCfg = Release|Any CPU
		{9D50EC9A-5C6A-0F66-AFB0-D8494CBC64A9}.Release|Any CPU.Build.0 = Release|Any CPU
		{087687AB-240C-A2A4-ED3F-01D618EB2205}.Debug|Any CPU.ActiveCfg = Debug|Any CPU
		{087687AB-240C-A2A4-ED3F-01D618EB2205}.Debug|Any CPU.Build.0 = Debug|Any CPU
		{087687AB-240C-A2A4-ED3F-01D618EB2205}.Release|Any CPU.ActiveCfg = Release|Any CPU
		{087687AB-240C-A2A4-ED3F-01D618EB2205}.Release|Any CPU.Build.0 = Release|Any CPU
	EndGlobalSection
	GlobalSection(SolutionProperties) = preSolution
		HideSolutionNode = FALSE
	EndGlobalSection
	GlobalSection(MonoDevelopProperties) = preSolution
		StartupItem = Assembly-CSharp.csproj
	EndGlobalSection
EndGlobal
